
Microsoft Visual Studio Solution File, Format Version 12.00
# Visual Studio Version 17
VisualStudioVersion = 17.4.33213.308
MinimumVisualStudioVersion = 10.0.40219.1
Project("{FAE04EC0-301F-11D3-BF4B-00C04F79EFBC}") = "HuisBeveiliging", "HuisBeveiliging\HuisBeveiliging.csproj", "{8D8CCA7F-AEA2-4D54-92CD-8192D09223CF}"
EndProject
Project("{FAE04EC0-301F-11D3-BF4B-00C04F79EFBC}") = "Infrac", "Infrac\Infrac.csproj", "{0015AF52-227E-4B15-B5FC-BCC21C13890E}"
EndProject
Project("{FAE04EC0-301F-11D3-BF4B-00C04F79EFBC}") = "Heras", "Heras\Heras.csproj", "{9F92E20D-154D-4392-8C53-200E90B28200}"
EndProject
Project("{FAE04EC0-301F-11D3-BF4B-00C04F79EFBC}") = "Philips", "Philips\Philips.csproj", "{FD3AC51F-F375-457E-BBEE-2AB5F5A84AC9}"
EndProject
Project("{FAE04EC0-301F-11D3-BF4B-00C04F79EFBC}") = "DoomsdayPreppers", "DoomsdayPreppers\DoomsdayPreppers.csproj", "{DE66CDDE-01CD-4925-9511-1223EB1DD7ED}"
EndProject
Project("{FAE04EC0-301F-11D3-BF4B-00C04F79EFBC}") = "IEEE", "IEEE\IEEE.csproj", "{0A929926-A534-430C-AA6D-D389189A5D68}"
EndProject
Global
	GlobalSection(SolutionConfigurationPlatforms) = preSolution
		Debug|Any CPU = Debug|Any CPU
		Release|Any CPU = Release|Any CPU
	EndGlobalSection
	GlobalSection(ProjectConfigurationPlatforms) = postSolution
		{8D8CCA7F-AEA2-4D54-92CD-8192D09223CF}.Debug|Any CPU.ActiveCfg = Debug|Any CPU
		{8D8CCA7F-AEA2-4D54-92CD-8192D09223CF}.Debug|Any CPU.Build.0 = Debug|Any CPU
		{8D8CCA7F-AEA2-4D54-92CD-8192D09223CF}.Release|Any CPU.ActiveCfg = Release|Any CPU
		{8D8CCA7F-AEA2-4D54-92CD-8192D09223CF}.Release|Any CPU.Build.0 = Release|Any CPU
		{0015AF52-227E-4B15-B5FC-BCC21C13890E}.Debug|Any CPU.ActiveCfg = Debug|Any CPU
		{0015AF52-227E-4B15-B5FC-BCC21C13890E}.Debug|Any CPU.Build.0 = Debug|Any CPU
		{0015AF52-227E-4B15-B5FC-BCC21C13890E}.Release|Any CPU.ActiveCfg = Release|Any CPU
		{0015AF52-227E-4B15-B5FC-BCC21C13890E}.Release|Any CPU.Build.0 = Release|Any CPU
		{9F92E20D-154D-4392-8C53-200E90B28200}.Debug|Any CPU.ActiveCfg = Debug|Any CPU
		{9F92E20D-154D-4392-8C53-200E90B28200}.Debug|Any CPU.Build.0 = Debug|Any CPU
		{9F92E20D-154D-4392-8C53-200E90B28200}.Release|Any CPU.ActiveCfg = Release|Any CPU
		{9F92E20D-154D-4392-8C53-200E90B28200}.Release|Any CPU.Build.0 = Release|Any CPU
		{FD3AC51F-F375-457E-BBEE-2AB5F5A84AC9}.Debug|Any CPU.ActiveCfg = Debug|Any CPU
		{FD3AC51F-F375-457E-BBEE-2AB5F5A84AC9}.Debug|Any CPU.Build.0 = Debug|Any CPU
		{FD3AC51F-F375-457E-BBEE-2AB5F5A84AC9}.Release|Any CPU.ActiveCfg = Release|Any CPU
		{FD3AC51F-F375-457E-BBEE-2AB5F5A84AC9}.Release|Any CPU.Build.0 = Release|Any CPU
		{DE66CDDE-01CD-4925-9511-1223EB1DD7ED}.Debug|Any CPU.ActiveCfg = Debug|Any CPU
		{DE66CDDE-01CD-4925-9511-1223EB1DD7ED}.Debug|Any CPU.Build.0 = Debug|Any CPU
		{DE66CDDE-01CD-4925-9511-1223EB1DD7ED}.Release|Any CPU.ActiveCfg = Release|Any CPU
		{DE66CDDE-01CD-4925-9511-1223EB1DD7ED}.Release|Any CPU.Build.0 = Release|Any CPU
		{0A929926-A534-430C-AA6D-D389189A5D68}.Debug|Any CPU.ActiveCfg = Debug|Any CPU
		{0A929926-A534-430C-AA6D-D389189A5D68}.Debug|Any CPU.Build.0 = Debug|Any CPU
		{0A929926-A534-430C-AA6D-D389189A5D68}.Release|Any CPU.ActiveCfg = Release|Any CPU
		{0A929926-A534-430C-AA6D-D389189A5D68}.Release|Any CPU.Build.0 = Release|Any CPU
	EndGlobalSection
	GlobalSection(SolutionProperties) = preSolution
		HideSolutionNode = FALSE
	EndGlobalSection
	GlobalSection(ExtensibilityGlobals) = postSolution
		SolutionGuid = {521080D1-FFBD-42AF-8750-F6C1AED2F941}
	EndGlobalSection
EndGlobal
