
Microsoft Visual Studio Solution File, Format Version 12.00
# Visual Studio Version 17
VisualStudioVersion = 17.4.33213.308
MinimumVisualStudioVersion = 10.0.40219.1
Project("{FAE04EC0-301F-11D3-BF4B-00C04F79EFBC}") = "FuncProcs", "FuncProcs\FuncProcs.csproj", "{90F17C60-BE8A-4E89-9FD3-F26A6CB233D3}"
EndProject
Global
	GlobalSection(SolutionConfigurationPlatforms) = preSolution
		Debug|Any CPU = Debug|Any CPU
		Release|Any CPU = Release|Any CPU
	EndGlobalSection
	GlobalSection(ProjectConfigurationPlatforms) = postSolution
		{90F17C60-BE8A-4E89-9FD3-F26A6CB233D3}.Debug|Any CPU.ActiveCfg = Debug|Any CPU
		{90F17C60-BE8A-4E89-9FD3-F26A6CB233D3}.Debug|Any CPU.Build.0 = Debug|Any CPU
		{90F17C60-BE8A-4E89-9FD3-F26A6CB233D3}.Release|Any CPU.ActiveCfg = Release|Any CPU
		{90F17C60-BE8A-4E89-9FD3-F26A6CB233D3}.Release|Any CPU.Build.0 = Release|Any CPU
	EndGlobalSection
	GlobalSection(SolutionProperties) = preSolution
		HideSolutionNode = FALSE
	EndGlobalSection
	GlobalSection(ExtensibilityGlobals) = postSolution
		SolutionGuid = {805779F8-C970-4954-B1F4-2449D5376211}
	EndGlobalSection
EndGlobal
