
Microsoft Visual Studio Solution File, Format Version 12.00
# Visual Studio Version 17
VisualStudioVersion = 17.4.33213.308
MinimumVisualStudioVersion = 10.0.40219.1
Project("{FAE04EC0-301F-11D3-BF4B-00C04F79EFBC}") = "Basics", "Basics\Basics.csproj", "{64E7922B-B94A-4331-ADE0-2D63D3B7C0B8}"
EndProject
Global
	GlobalSection(SolutionConfigurationPlatforms) = preSolution
		Debug|Any CPU = Debug|Any CPU
		Release|Any CPU = Release|Any CPU
	EndGlobalSection
	GlobalSection(ProjectConfigurationPlatforms) = postSolution
		{64E7922B-B94A-4331-ADE0-2D63D3B7C0B8}.Debug|Any CPU.ActiveCfg = Debug|Any CPU
		{64E7922B-B94A-4331-ADE0-2D63D3B7C0B8}.Debug|Any CPU.Build.0 = Debug|Any CPU
		{64E7922B-B94A-4331-ADE0-2D63D3B7C0B8}.Release|Any CPU.ActiveCfg = Release|Any CPU
		{64E7922B-B94A-4331-ADE0-2D63D3B7C0B8}.Release|Any CPU.Build.0 = Release|Any CPU
	EndGlobalSection
	GlobalSection(SolutionProperties) = preSolution
		HideSolutionNode = FALSE
	EndGlobalSection
	GlobalSection(ExtensibilityGlobals) = postSolution
		SolutionGuid = {04343D24-DECB-4615-A84E-CC230C4FFEA9}
	EndGlobalSection
EndGlobal
