
Microsoft Visual Studio Solution File, Format Version 12.00
# Visual Studio Version 17
VisualStudioVersion = 17.4.33213.308
MinimumVisualStudioVersion = 10.0.40219.1
Project("{FAE04EC0-301F-11D3-BF4B-00C04F79EFBC}") = "FlatGebouw", "FlatGebouw\FlatGebouw.csproj", "{9410CA4A-8BC1-432E-BA65-D3687A3CE860}"
EndProject
Global
	GlobalSection(SolutionConfigurationPlatforms) = preSolution
		Debug|Any CPU = Debug|Any CPU
		Release|Any CPU = Release|Any CPU
	EndGlobalSection
	GlobalSection(ProjectConfigurationPlatforms) = postSolution
		{9410CA4A-8BC1-432E-BA65-D3687A3CE860}.Debug|Any CPU.ActiveCfg = Debug|Any CPU
		{9410CA4A-8BC1-432E-BA65-D3687A3CE860}.Debug|Any CPU.Build.0 = Debug|Any CPU
		{9410CA4A-8BC1-432E-BA65-D3687A3CE860}.Release|Any CPU.ActiveCfg = Release|Any CPU
		{9410CA4A-8BC1-432E-BA65-D3687A3CE860}.Release|Any CPU.Build.0 = Release|Any CPU
	EndGlobalSection
	GlobalSection(SolutionProperties) = preSolution
		HideSolutionNode = FALSE
	EndGlobalSection
	GlobalSection(ExtensibilityGlobals) = postSolution
		SolutionGuid = {D20BF564-54D3-4CAD-B947-5C092780097E}
	EndGlobalSection
EndGlobal
