
Microsoft Visual Studio Solution File, Format Version 12.00
# Visual Studio Version 17
VisualStudioVersion = 17.4.33213.308
MinimumVisualStudioVersion = 10.0.40219.1
Project("{FAE04EC0-301F-11D3-BF4B-00C04F79EFBC}") = "ShapesLibrary", "ShapesLibrary\ShapesLibrary.csproj", "{CE19EC24-5133-403F-A48E-13FECF864845}"
EndProject
Project("{FAE04EC0-301F-11D3-BF4B-00C04F79EFBC}") = "Tekenprogramma", "Tekenprogramma\Tekenprogramma.csproj", "{8F3B5370-9838-422B-8820-45C4D7D014ED}"
EndProject
Global
	GlobalSection(SolutionConfigurationPlatforms) = preSolution
		Debug|Any CPU = Debug|Any CPU
		Release|Any CPU = Release|Any CPU
	EndGlobalSection
	GlobalSection(ProjectConfigurationPlatforms) = postSolution
		{CE19EC24-5133-403F-A48E-13FECF864845}.Debug|Any CPU.ActiveCfg = Debug|Any CPU
		{CE19EC24-5133-403F-A48E-13FECF864845}.Debug|Any CPU.Build.0 = Debug|Any CPU
		{CE19EC24-5133-403F-A48E-13FECF864845}.Release|Any CPU.ActiveCfg = Release|Any CPU
		{CE19EC24-5133-403F-A48E-13FECF864845}.Release|Any CPU.Build.0 = Release|Any CPU
		{8F3B5370-9838-422B-8820-45C4D7D014ED}.Debug|Any CPU.ActiveCfg = Debug|Any CPU
		{8F3B5370-9838-422B-8820-45C4D7D014ED}.Debug|Any CPU.Build.0 = Debug|Any CPU
		{8F3B5370-9838-422B-8820-45C4D7D014ED}.Release|Any CPU.ActiveCfg = Release|Any CPU
		{8F3B5370-9838-422B-8820-45C4D7D014ED}.Release|Any CPU.Build.0 = Release|Any CPU
	EndGlobalSection
	GlobalSection(SolutionProperties) = preSolution
		HideSolutionNode = FALSE
	EndGlobalSection
	GlobalSection(ExtensibilityGlobals) = postSolution
		SolutionGuid = {1FDA766A-F388-4A63-8B61-5EAB35C35A4E}
	EndGlobalSection
EndGlobal
