
Microsoft Visual Studio Solution File, Format Version 12.00
# Visual Studio Version 17
VisualStudioVersion = 17.5.33424.131
MinimumVisualStudioVersion = 10.0.40219.1
Project("{FAE04EC0-301F-11D3-BF4B-00C04F79EFBC}") = "HetCern", "HetCern\HetCern.csproj", "{95D690D3-BB2A-4450-857E-5F0BB77B4C20}"
EndProject
Global
	GlobalSection(SolutionConfigurationPlatforms) = preSolution
		Debug|Any CPU = Debug|Any CPU
		Release|Any CPU = Release|Any CPU
	EndGlobalSection
	GlobalSection(ProjectConfigurationPlatforms) = postSolution
		{95D690D3-BB2A-4450-857E-5F0BB77B4C20}.Debug|Any CPU.ActiveCfg = Debug|Any CPU
		{95D690D3-BB2A-4450-857E-5F0BB77B4C20}.Debug|Any CPU.Build.0 = Debug|Any CPU
		{95D690D3-BB2A-4450-857E-5F0BB77B4C20}.Release|Any CPU.ActiveCfg = Release|Any CPU
		{95D690D3-BB2A-4450-857E-5F0BB77B4C20}.Release|Any CPU.Build.0 = Release|Any CPU
	EndGlobalSection
	GlobalSection(SolutionProperties) = preSolution
		HideSolutionNode = FALSE
	EndGlobalSection
	GlobalSection(ExtensibilityGlobals) = postSolution
		SolutionGuid = {2CCDD64F-DE18-4910-A936-34F47BF17F0D}
	EndGlobalSection
EndGlobal
